// !$*UTF8*$!
{
	archiveVersion = 1;
	classes = {
	};
	objectVersion = 56;
	objects = {

/* Begin PBXBuildFile section */
		90E92F742980314200EF2335 /* AppDelegate.swift in Sources */ = {isa = PBXBuildFile; fileRef = 90E92F732980314200EF2335 /* AppDelegate.swift */; };
		90E92F762980314200EF2335 /* SceneDelegate.swift in Sources */ = {isa = PBXBuildFile; fileRef = 90E92F752980314200EF2335 /* SceneDelegate.swift */; };
		90E92F782980314200EF2335 /* ViewController.swift in Sources */ = {isa = PBXBuildFile; fileRef = 90E92F772980314200EF2335 /* ViewController.swift */; };
		90E92F7B2980314200EF2335 /* Main.storyboard in Resources */ = {isa = PBXBuildFile; fileRef = 90E92F792980314200EF2335 /* Main.storyboard */; };
		90E92F7D2980314300EF2335 /* Assets.xcassets in Resources */ = {isa = PBXBuildFile; fileRef = 90E92F7C2980314300EF2335 /* Assets.xcassets */; };
		90E92F802980314300EF2335 /* LaunchScreen.storyboard in Resources */ = {isa = PBXBuildFile; fileRef = 90E92F7E2980314300EF2335 /* LaunchScreen.storyboard */; };
		90E92F8B2980314300EF2335 /* I_AM_RICHTests.swift in Sources */ = {isa = PBXBuildFile; fileRef = 90E92F8A2980314300EF2335 /* I_AM_RICHTests.swift */; };
		90E92F952980314300EF2335 /* I_AM_RICHUITests.swift in Sources */ = {isa = PBXBuildFile; fileRef = 90E92F942980314300EF2335 /* I_AM_RICHUITests.swift */; };
		90E92F972980314300EF2335 /* I_AM_RICHUITestsLaunchTests.swift in Sources */ = {isa = PBXBuildFile; fileRef = 90E92F962980314300EF2335 /* I_AM_RICHUITestsLaunchTests.swift */; };
/* End PBXBuildFile section */

/* Begin PBXContainerItemProxy section */
		90E92F872980314300EF2335 /* PBXContainerItemProxy */ = {
			isa = PBXContainerItemProxy;
			containerPortal = 90E92F682980314200EF2335 /* Project object */;
			proxyType = 1;
			remoteGlobalIDString = 90E92F6F2980314200EF2335;
			remoteInfo = "I AM RICH";
		};
		90E92F912980314300EF2335 /* PBXContainerItemProxy */ = {
			isa = PBXContainerItemProxy;
			containerPortal = 90E92F682980314200EF2335 /* Project object */;
			proxyType = 1;
			remoteGlobalIDString = 90E92F6F2980314200EF2335;
			remoteInfo = "I AM RICH";
		};
/* End PBXContainerItemProxy section */

/* Begin PBXFileReference section */
		90E92F702980314200EF2335 /* I AM RICH.app */ = {isa = PBXFileReference; explicitFileType = wrapper.application; includeInIndex = 0; path = "I AM RICH.app"; sourceTree = BUILT_PRODUCTS_DIR; };
		90E92F732980314200EF2335 /* AppDelegate.swift */ = {isa = PBXFileReference; lastKnownFileType = sourcecode.swift; path = AppDelegate.swift; sourceTree = "<group>"; };
		90E92F752980314200EF2335 /* SceneDelegate.swift */ = {isa = PBXFileReference; lastKnownFileType = sourcecode.swift; path = SceneDelegate.swift; sourceTree = "<group>"; };
		90E92F772980314200EF2335 /* ViewController.swift */ = {isa = PBXFileReference; lastKnownFileType = sourcecode.swift; path = ViewController.swift; sourceTree = "<group>"; };
		90E92F7A2980314200EF2335 /* Base */ = {isa = PBXFileReference; lastKnownFileType = file.storyboard; name = Base; path = Base.lproj/Main.storyboard; sourceTree = "<group>"; };
		90E92F7C2980314300EF2335 /* Assets.xcassets */ = {isa = PBXFileReference; lastKnownFileType = folder.assetcatalog; path = Assets.xcassets; sourceTree = "<group>"; };
		90E92F7F2980314300EF2335 /* Base */ = {isa = PBXFileReference; lastKnownFileType = file.storyboard; name = Base; path = Base.lproj/LaunchScreen.storyboard; sourceTree = "<group>"; };
		90E92F812980314300EF2335 /* Info.plist */ = {isa = PBXFileReference; lastKnownFileType = text.plist.xml; path = Info.plist; sourceTree = "<group>"; };
		90E92F862980314300EF2335 /* I AM RICHTests.xctest */ = {isa = PBXFileReference; explicitFileType = wrapper.cfbundle; includeInIndex = 0; path = "I AM RICHTests.xctest"; sourceTree = BUILT_PRODUCTS_DIR; };
		90E92F8A2980314300EF2335 /* I_AM_RICHTests.swift */ = {isa = PBXFileReference; lastKnownFileType = sourcecode.swift; path = I_AM_RICHTests.swift; sourceTree = "<group>"; };
		90E92F902980314300EF2335 /* I AM RICHUITests.xctest */ = {isa = PBXFileReference; explicitFileType = wrapper.cfbundle; includeInIndex = 0; path = "I AM RICHUITests.xctest"; sourceTree = BUILT_PRODUCTS_DIR; };
		90E92F942980314300EF2335 /* I_AM_RICHUITests.swift */ = {isa = PBXFileReference; lastKnownFileType = sourcecode.swift; path = I_AM_RICHUITests.swift; sourceTree = "<group>"; };
		90E92F962980314300EF2335 /* I_AM_RICHUITestsLaunchTests.swift */ = {isa = PBXFileReference; lastKnownFileType = sourcecode.swift; path = I_AM_RICHUITestsLaunchTests.swift; sourceTree = "<group>"; };
/* End PBXFileReference section */

/* Begin PBXFrameworksBuildPhase section */
		90E92F6D2980314200EF2335 /* Frameworks */ = {
			isa = PBXFrameworksBuildPhase;
			buildActionMask = 2147483647;
			files = (
			);
			runOnlyForDeploymentPostprocessing = 0;
		};
		90E92F832980314300EF2335 /* Frameworks */ = {
			isa = PBXFrameworksBuildPhase;
			buildActionMask = 2147483647;
			files = (
			);
			runOnlyForDeploymentPostprocessing = 0;
		};
		90E92F8D2980314300EF2335 /* Frameworks */ = {
			isa = PBXFrameworksBuildPhase;
			buildActionMask = 2147483647;
			files = (
			);
			runOnlyForDeploymentPostprocessing = 0;
		};
/* End PBXFrameworksBuildPhase section */

/* Begin PBXGroup section */
		90E92F672980314200EF2335 = {
			isa = PBXGroup;
			children = (
				90E92F722980314200EF2335 /* I AM RICH */,
				90E92F892980314300EF2335 /* I AM RICHTests */,
				90E92F932980314300EF2335 /* I AM RICHUITests */,
				90E92F712980314200EF2335 /* Products */,
			);
			sourceTree = "<group>";
		};
		90E92F712980314200EF2335 /* Products */ = {
			isa = PBXGroup;
			children = (
				90E92F702980314200EF2335 /* I AM RICH.app */,
				90E92F862980314300EF2335 /* I AM RICHTests.xctest */,
				90E92F902980314300EF2335 /* I AM RICHUITests.xctest */,
			);
			name = Products;
			sourceTree = "<group>";
		};
		90E92F722980314200EF2335 /* I AM RICH */ = {
			isa = PBXGroup;
			children = (
				90E92F732980314200EF2335 /* AppDelegate.swift */,
				90E92F752980314200EF2335 /* SceneDelegate.swift */,
				90E92F772980314200EF2335 /* ViewController.swift */,
				90E92F792980314200EF2335 /* Main.storyboard */,
				90E92F7C2980314300EF2335 /* Assets.xcassets */,
				90E92F7E2980314300EF2335 /* LaunchScreen.storyboard */,
				90E92F812980314300EF2335 /* Info.plist */,
			);
			path = "I AM RICH";
			sourceTree = "<group>";
		};
		90E92F892980314300EF2335 /* I AM RICHTests */ = {
			isa = PBXGroup;
			children = (
				90E92F8A2980314300EF2335 /* I_AM_RICHTests.swift */,
			);
			path = "I AM RICHTests";
			sourceTree = "<group>";
		};
		90E92F932980314300EF2335 /* I AM RICHUITests */ = {
			isa = PBXGroup;
			children = (
				90E92F942980314300EF2335 /* I_AM_RICHUITests.swift */,
				90E92F962980314300EF2335 /* I_AM_RICHUITestsLaunchTests.swift */,
			);
			path = "I AM RICHUITests";
			sourceTree = "<group>";
		};
/* End PBXGroup section */

/* Begin PBXNativeTarget section */
		90E92F6F2980314200EF2335 /* I AM RICH */ = {
			isa = PBXNativeTarget;
			buildConfigurationList = 90E92F9A2980314300EF2335 /* Build configuration list for PBXNativeTarget "I AM RICH" */;
			buildPhases = (
				90E92F6C2980314200EF2335 /* Sources */,
				90E92F6D2980314200EF2335 /* Frameworks */,
				90E92F6E2980314200EF2335 /* Resources */,
			);
			buildRules = (
			);
			dependencies = (
			);
			name = "I AM RICH";
			productName = "I AM RICH";
			productReference = 90E92F702980314200EF2335 /* I AM RICH.app */;
			productType = "com.apple.product-type.application";
		};
		90E92F852980314300EF2335 /* I AM RICHTests */ = {
			isa = PBXNativeTarget;
			buildConfigurationList = 90E92F9D2980314300EF2335 /* Build configuration list for PBXNativeTarget "I AM RICHTests" */;
			buildPhases = (
				90E92F822980314300EF2335 /* Sources */,
				90E92F832980314300EF2335 /* Frameworks */,
				90E92F842980314300EF2335 /* Resources */,
			);
			buildRules = (
			);
			dependencies = (
				90E92F882980314300EF2335 /* PBXTargetDependency */,
			);
			name = "I AM RICHTests";
			productName = "I AM RICHTests";
			productReference = 90E92F862980314300EF2335 /* I AM RICHTests.xctest */;
			productType = "com.apple.product-type.bundle.unit-test";
		};
		90E92F8F2980314300EF2335 /* I AM RICHUITests */ = {
			isa = PBXNativeTarget;
			buildConfigurationList = 90E92FA02980314300EF2335 /* Build configuration list for PBXNativeTarget "I AM RICHUITests" */;
			buildPhases = (
				90E92F8C2980314300EF2335 /* Sources */,
				90E92F8D2980314300EF2335 /* Frameworks */,
				90E92F8E2980314300EF2335 /* Resources */,
			);
			buildRules = (
			);
			dependencies = (
				90E92F922980314300EF2335 /* PBXTargetDependency */,
			);
			name = "I AM RICHUITests";
			productName = "I AM RICHUITests";
			productReference = 90E92F902980314300EF2335 /* I AM RICHUITests.xctest */;
			productType = "com.apple.product-type.bundle.ui-testing";
		};
/* End PBXNativeTarget section */

/* Begin PBXProject section */
		90E92F682980314200EF2335 /* Project object */ = {
			isa = PBXProject;
			attributes = {
				BuildIndependentTargetsInParallel = 1;
				LastSwiftUpdateCheck = 1420;
				LastUpgradeCheck = 1420;
				TargetAttributes = {
					90E92F6F2980314200EF2335 = {
						CreatedOnToolsVersion = 14.2;
					};
					90E92F852980314300EF2335 = {
						CreatedOnToolsVersion = 14.2;
						TestTargetID = 90E92F6F2980314200EF2335;
					};
					90E92F8F2980314300EF2335 = {
						CreatedOnToolsVersion = 14.2;
						TestTargetID = 90E92F6F2980314200EF2335;
					};
				};
			};
			buildConfigurationList = 90E92F6B2980314200EF2335 /* Build configuration list for PBXProject "I AM RICH" */;
			compatibilityVersion = "Xcode 14.0";
			developmentRegion = en;
			hasScannedForEncodings = 0;
			knownRegions = (
				en,
				Base,
			);
			mainGroup = 90E92F672980314200EF2335;
			productRefGroup = 90E92F712980314200EF2335 /* Products */;
			projectDirPath = "";
			projectRoot = "";
			targets = (
				90E92F6F2980314200EF2335 /* I AM RICH */,
				90E92F852980314300EF2335 /* I AM RICHTests */,
				90E92F8F2980314300EF2335 /* I AM RICHUITests */,
			);
		};
/* End PBXProject section */

/* Begin PBXResourcesBuildPhase section */
		90E92F6E2980314200EF2335 /* Resources */ = {
			isa = PBXResourcesBuildPhase;
			buildActionMask = 2147483647;
			files = (
				90E92F802980314300EF2335 /* LaunchScreen.storyboard in Resources */,
				90E92F7D2980314300EF2335 /* Assets.xcassets in Resources */,
				90E92F7B2980314200EF2335 /* Main.storyboard in Resources */,
			);
			runOnlyForDeploymentPostprocessing = 0;
		};
		90E92F842980314300EF2335 /* Resources */ = {
			isa = PBXResourcesBuildPhase;
			buildActionMask = 2147483647;
			files = (
			);
			runOnlyForDeploymentPostprocessing = 0;
		};
		90E92F8E2980314300EF2335 /* Resources */ = {
			isa = PBXResourcesBuildPhase;
			buildActionMask = 2147483647;
			files = (
			);
			runOnlyForDeploymentPostprocessing = 0;
		};
/* End PBXResourcesBuildPhase section */

/* Begin PBXSourcesBuildPhase section */
		90E92F6C2980314200EF2335 /* Sources */ = {
			isa = PBXSourcesBuildPhase;
			buildActionMask = 2147483647;
			files = (
				90E92F782980314200EF2335 /* ViewController.swift in Sources */,
				90E92F742980314200EF2335 /* AppDelegate.swift in Sources */,
				90E92F762980314200EF2335 /* SceneDelegate.swift in Sources */,
			);
			runOnlyForDeploymentPostprocessing = 0;
		};
		90E92F822980314300EF2335 /* Sources */ = {
			isa = PBXSourcesBuildPhase;
			buildActionMask = 2147483647;
			files = (
				90E92F8B2980314300EF2335 /* I_AM_RICHTests.swift in Sources */,
			);
			runOnlyForDeploymentPostprocessing = 0;
		};
		90E92F8C2980314300EF2335 /* Sources */ = {
			isa = PBXSourcesBuildPhase;
			buildActionMask = 2147483647;
			files = (
				90E92F972980314300EF2335 /* I_AM_RICHUITestsLaunchTests.swift in Sources */,
				90E92F952980314300EF2335 /* I_AM_RICHUITests.swift in Sources */,
			);
			runOnlyForDeploymentPostprocessing = 0;
		};
/* End PBXSourcesBuildPhase section */

/* Begin PBXTargetDependency section */
		90E92F882980314300EF2335 /* PBXTargetDependency */ = {
			isa = PBXTargetDependency;
			target = 90E92F6F2980314200EF2335 /* I AM RICH */;
			targetProxy = 90E92F872980314300EF2335 /* PBXContainerItemProxy */;
		};
		90E92F922980314300EF2335 /* PBXTargetDependency */ = {
			isa = PBXTargetDependency;
			target = 90E92F6F2980314200EF2335 /* I AM RICH */;
			targetProxy = 90E92F912980314300EF2335 /* PBXContainerItemProxy */;
		};
/* End PBXTargetDependency section */

/* Begin PBXVariantGroup section */
		90E92F792980314200EF2335 /* Main.storyboard */ = {
			isa = PBXVariantGroup;
			children = (
				90E92F7A2980314200EF2335 /* Base */,
			);
			name = Main.storyboard;
			sourceTree = "<group>";
		};
		90E92F7E2980314300EF2335 /* LaunchScreen.storyboard */ = {
			isa = PBXVariantGroup;
			children = (
				90E92F7F2980314300EF2335 /* Base */,
			);
			name = LaunchScreen.storyboard;
			sourceTree = "<group>";
		};
/* End PBXVariantGroup section */

/* Begin XCBuildConfiguration section */
		90E92F982980314300EF2335 /* Debug */ = {
			isa = XCBuildConfiguration;
			buildSettings = {
				ALWAYS_SEARCH_USER_PATHS = NO;
				CLANG_ANALYZER_NONNULL = YES;
				CLANG_ANALYZER_NUMBER_OBJECT_CONVERSION = YES_AGGRESSIVE;
				CLANG_CXX_LANGUAGE_STANDARD = "gnu++20";
				CLANG_ENABLE_MODULES = YES;
				CLANG_ENABLE_OBJC_ARC = YES;
				CLANG_ENABLE_OBJC_WEAK = YES;
				CLANG_WARN_BLOCK_CAPTURE_AUTORELEASING = YES;
				CLANG_WARN_BOOL_CONVERSION = YES;
				CLANG_WARN_COMMA = YES;
				CLANG_WARN_CONSTANT_CONVERSION = YES;
				CLANG_WARN_DEPRECATED_OBJC_IMPLEMENTATIONS = YES;
				CLANG_WARN_DIRECT_OBJC_ISA_USAGE = YES_ERROR;
				CLANG_WARN_DOCUMENTATION_COMMENTS = YES;
				CLANG_WARN_EMPTY_BODY = YES;
				CLANG_WARN_ENUM_CONVERSION = YES;
				CLANG_WARN_INFINITE_RECURSION = YES;
				CLANG_WARN_INT_CONVERSION = YES;
				CLANG_WARN_NON_LITERAL_NULL_CONVERSION = YES;
				CLANG_WARN_OBJC_IMPLICIT_RETAIN_SELF = YES;
				CLANG_WARN_OBJC_LITERAL_CONVERSION = YES;
				CLANG_WARN_OBJC_ROOT_CLASS = YES_ERROR;
				CLANG_WARN_QUOTED_INCLUDE_IN_FRAMEWORK_HEADER = YES;
				CLANG_WARN_RANGE_LOOP_ANALYSIS = YES;
				CLANG_WARN_STRICT_PROTOTYPES = YES;
				CLANG_WARN_SUSPICIOUS_MOVE = YES;
				CLANG_WARN_UNGUARDED_AVAILABILITY = YES_AGGRESSIVE;
				CLANG_WARN_UNREACHABLE_CODE = YES;
				CLANG_WARN__DUPLICATE_METHOD_MATCH = YES;
				COPY_PHASE_STRIP = NO;
				DEBUG_INFORMATION_FORMAT = dwarf;
				ENABLE_STRICT_OBJC_MSGSEND = YES;
				ENABLE_TESTABILITY = YES;
				GCC_C_LANGUAGE_STANDARD = gnu11;
				GCC_DYNAMIC_NO_PIC = NO;
				GCC_NO_COMMON_BLOCKS = YES;
				GCC_OPTIMIZATION_LEVEL = 0;
				GCC_PREPROCESSOR_DEFINITIONS = (
					"DEBUG=1",
					"$(inherited)",
				);
				GCC_WARN_64_TO_32_BIT_CONVERSION = YES;
				GCC_WARN_ABOUT_RETURN_TYPE = YES_ERROR;
				GCC_WARN_UNDECLARED_SELECTOR = YES;
				GCC_WARN_UNINITIALIZED_AUTOS = YES_AGGRESSIVE;
				GCC_WARN_UNUSED_FUNCTION = YES;
				GCC_WARN_UNUSED_VARIABLE = YES;
				IPHONEOS_DEPLOYMENT_TARGET = 16.2;
				MTL_ENABLE_DEBUG_INFO = INCLUDE_SOURCE;
				MTL_FAST_MATH = YES;
				ONLY_ACTIVE_ARCH = YES;
				SDKROOT = iphoneos;
				SWIFT_ACTIVE_COMPILATION_CONDITIONS = DEBUG;
				SWIFT_OPTIMIZATION_LEVEL = "-Onone";
			};
			name = Debug;
		};
		90E92F992980314300EF2335 /* Release */ = {
			isa = XCBuildConfiguration;
			buildSettings = {
				ALWAYS_SEARCH_USER_PATHS = NO;
				CLANG_ANALYZER_NONNULL = YES;
				CLANG_ANALYZER_NUMBER_OBJECT_CONVERSION = YES_AGGRESSIVE;
				CLANG_CXX_LANGUAGE_STANDARD = "gnu++20";
				CLANG_ENABLE_MODULES = YES;
				CLANG_ENABLE_OBJC_ARC = YES;
				CLANG_ENABLE_OBJC_WEAK = YES;
				CLANG_WARN_BLOCK_CAPTURE_AUTORELEASING = YES;
				CLANG_WARN_BOOL_CONVERSION = YES;
				CLANG_WARN_COMMA = YES;
				CLANG_WARN_CONSTANT_CONVERSION = YES;
				CLANG_WARN_DEPRECATED_OBJC_IMPLEMENTATIONS = YES;
				CLANG_WARN_DIRECT_OBJC_ISA_USAGE = YES_ERROR;
				CLANG_WARN_DOCUMENTATION_COMMENTS = YES;
				CLANG_WARN_EMPTY_BODY = YES;
				CLANG_WARN_ENUM_CONVERSION = YES;
				CLANG_WARN_INFINITE_RECURSION = YES;
				CLANG_WARN_INT_CONVERSION = YES;
				CLANG_WARN_NON_LITERAL_NULL_CONVERSION = YES;
				CLANG_WARN_OBJC_IMPLICIT_RETAIN_SELF = YES;
				CLANG_WARN_OBJC_LITERAL_CONVERSION = YES;
				CLANG_WARN_OBJC_ROOT_CLASS = YES_ERROR;
				CLANG_WARN_QUOTED_INCLUDE_IN_FRAMEWORK_HEADER = YES;
				CLANG_WARN_RANGE_LOOP_ANALYSIS = YES;
				CLANG_WARN_STRICT_PROTOTYPES = YES;
				CLANG_WARN_SUSPICIOUS_MOVE = YES;
				CLANG_WARN_UNGUARDED_AVAILABILITY = YES_AGGRESSIVE;
				CLANG_WARN_UNREACHABLE_CODE = YES;
				CLANG_WARN__DUPLICATE_METHOD_MATCH = YES;
				COPY_PHASE_STRIP = NO;
				DEBUG_INFORMATION_FORMAT = "dwarf-with-dsym";
				ENABLE_NS_ASSERTIONS = NO;
				ENABLE_STRICT_OBJC_MSGSEND = YES;
				GCC_C_LANGUAGE_STANDARD = gnu11;
				GCC_NO_COMMON_BLOCKS = YES;
				GCC_WARN_64_TO_32_BIT_CONVERSION = YES;
				GCC_WARN_ABOUT_RETURN_TYPE = YES_ERROR;
				GCC_WARN_UNDECLARED_SELECTOR = YES;
				GCC_WARN_UNINITIALIZED_AUTOS = YES_AGGRESSIVE;
				GCC_WARN_UNUSED_FUNCTION = YES;
				GCC_WARN_UNUSED_VARIABLE = YES;
				IPHONEOS_DEPLOYMENT_TARGET = 16.2;
				MTL_ENABLE_DEBUG_INFO = NO;
				MTL_FAST_MATH = YES;
				SDKROOT = iphoneos;
				SWIFT_COMPILATION_MODE = wholemodule;
				SWIFT_OPTIMIZATION_LEVEL = "-O";
				VALIDATE_PRODUCT = YES;
			};
			name = Release;
		};
		90E92F9B2980314300EF2335 /* Debug */ = {
			isa = XCBuildConfiguration;
			buildSettings = {
				ASSETCATALOG_COMPILER_APPICON_NAME = AppIcon;
				ASSETCATALOG_COMPILER_GLOBAL_ACCENT_COLOR_NAME = AccentColor;
				CODE_SIGN_STYLE = Automatic;
				CURRENT_PROJECT_VERSION = 1;
				GENERATE_INFOPLIST_FILE = YES;
				INFOPLIST_FILE = "I AM RICH/Info.plist";
				INFOPLIST_KEY_UIApplicationSupportsIndirectInputEvents = YES;
				INFOPLIST_KEY_UILaunchStoryboardName = LaunchScreen;
				INFOPLIST_KEY_UIMainStoryboardFile = Main;
				INFOPLIST_KEY_UISupportedInterfaceOrientations_iPad = "UIInterfaceOrientationPortrait UIInterfaceOrientationPortraitUpsideDown UIInterfaceOrientationLandscapeLeft UIInterfaceOrientationLandscapeRight";
				INFOPLIST_KEY_UISupportedInterfaceOrientations_iPhone = "UIInterfaceOrientationPortrait UIInterfaceOrientationLandscapeLeft UIInterfaceOrientationLandscapeRight";
				LD_RUNPATH_SEARCH_PATHS = (
					"$(inherited)",
					"@executable_path/Frameworks",
				);
				MARKETING_VERSION = 1.0;
				PRODUCT_BUNDLE_IDENTIFIER = "com.SQA-SOLOMAN.I-AM-RICH";
				PRODUCT_NAME = "$(TARGET_NAME)";
				SWIFT_EMIT_LOC_STRINGS = YES;
				SWIFT_VERSION = 5.0;
				TARGETED_DEVICE_FAMILY = "1,2";
			};
			name = Debug;
		};
		90E92F9C2980314300EF2335 /* Release */ = {
			isa = XCBuildConfiguration;
			buildSettings = {
				ASSETCATALOG_COMPILER_APPICON_NAME = AppIcon;
				ASSETCATALOG_COMPILER_GLOBAL_ACCENT_COLOR_NAME = AccentColor;
				CODE_SIGN_STYLE = Automatic;
				CURRENT_PROJECT_VERSION = 1;
				GENERATE_INFOPLIST_FILE = YES;
				INFOPLIST_FILE = "I AM RICH/Info.plist";
				INFOPLIST_KEY_UIApplicationSupportsIndirectInputEvents = YES;
				INFOPLIST_KEY_UILaunchStoryboardName = LaunchScreen;
				INFOPLIST_KEY_UIMainStoryboardFile = Main;
				INFOPLIST_KEY_UISupportedInterfaceOrientations_iPad = "UIInterfaceOrientationPortrait UIInterfaceOrientationPortraitUpsideDown UIInterfaceOrientationLandscapeLeft UIInterfaceOrientationLandscapeRight";
				INFOPLIST_KEY_UISupportedInterfaceOrientations_iPhone = "UIInterfaceOrientationPortrait UIInterfaceOrientationLandscapeLeft UIInterfaceOrientationLandscapeRight";
				LD_RUNPATH_SEARCH_PATHS = (
					"$(inherited)",
					"@executable_path/Frameworks",
				);
				MARKETING_VERSION = 1.0;
				PRODUCT_BUNDLE_IDENTIFIER = "com.SQA-SOLOMAN.I-AM-RICH";
				PRODUCT_NAME = "$(TARGET_NAME)";
				SWIFT_EMIT_LOC_STRINGS = YES;
				SWIFT_VERSION = 5.0;
				TARGETED_DEVICE_FAMILY = "1,2";
			};
			name = Release;
		};
		90E92F9E2980314300EF2335 /* Debug */ = {
			isa = XCBuildConfiguration;
			buildSettings = {
				ALWAYS_EMBED_SWIFT_STANDARD_LIBRARIES = YES;
				BUNDLE_LOADER = "$(TEST_HOST)";
				CODE_SIGN_STYLE = Automatic;
				CURRENT_PROJECT_VERSION = 1;
				GENERATE_INFOPLIST_FILE = YES;
				IPHONEOS_DEPLOYMENT_TARGET = 16.2;
				MARKETING_VERSION = 1.0;
				PRODUCT_BUNDLE_IDENTIFIER = "com.SQA-SOLOMAN.I-AM-RICHTests";
				PRODUCT_NAME = "$(TARGET_NAME)";
				SWIFT_EMIT_LOC_STRINGS = NO;
				SWIFT_VERSION = 5.0;
				TARGETED_DEVICE_FAMILY = "1,2";
				TEST_HOST = "$(BUILT_PRODUCTS_DIR)/I AM RICH.app/$(BUNDLE_EXECUTABLE_FOLDER_PATH)/I AM RICH";
			};
			name = Debug;
		};
		90E92F9F2980314300EF2335 /* Release */ = {
			isa = XCBuildConfiguration;
			buildSettings = {
				ALWAYS_EMBED_SWIFT_STANDARD_LIBRARIES = YES;
				BUNDLE_LOADER = "$(TEST_HOST)";
				CODE_SIGN_STYLE = Automatic;
				CURRENT_PROJECT_VERSION = 1;
				GENERATE_INFOPLIST_FILE = YES;
				IPHONEOS_DEPLOYMENT_TARGET = 16.2;
				MARKETING_VERSION = 1.0;
				PRODUCT_BUNDLE_IDENTIFIER = "com.SQA-SOLOMAN.I-AM-RICHTests";
				PRODUCT_NAME = "$(TARGET_NAME)";
				SWIFT_EMIT_LOC_STRINGS = NO;
				SWIFT_VERSION = 5.0;
				TARGETED_DEVICE_FAMILY = "1,2";
				TEST_HOST = "$(BUILT_PRODUCTS_DIR)/I AM RICH.app/$(BUNDLE_EXECUTABLE_FOLDER_PATH)/I AM RICH";
			};
			name = Release;
		};
		90E92FA12980314300EF2335 /* Debug */ = {
			isa = XCBuildConfiguration;
			buildSettings = {
				ALWAYS_EMBED_SWIFT_STANDARD_LIBRARIES = YES;
				CODE_SIGN_STYLE = Automatic;
				CURRENT_PROJECT_VERSION = 1;
				GENERATE_INFOPLIST_FILE = YES;
				MARKETING_VERSION = 1.0;
				PRODUCT_BUNDLE_IDENTIFIER = "com.SQA-SOLOMAN.I-AM-RICHUITests";
				PRODUCT_NAME = "$(TARGET_NAME)";
				SWIFT_EMIT_LOC_STRINGS = NO;
				SWIFT_VERSION = 5.0;
				TARGETED_DEVICE_FAMILY = "1,2";
				TEST_TARGET_NAME = "I AM RICH";
			};
			name = Debug;
		};
		90E92FA22980314300EF2335 /* Release */ = {
			isa = XCBuildConfiguration;
			buildSettings = {
				ALWAYS_EMBED_SWIFT_STANDARD_LIBRARIES = YES;
				CODE_SIGN_STYLE = Automatic;
				CURRENT_PROJECT_VERSION = 1;
				GENERATE_INFOPLIST_FILE = YES;
				MARKETING_VERSION = 1.0;
				PRODUCT_BUNDLE_IDENTIFIER = "com.SQA-SOLOMAN.I-AM-RICHUITests";
				PRODUCT_NAME = "$(TARGET_NAME)";
				SWIFT_EMIT_LOC_STRINGS = NO;
				SWIFT_VERSION = 5.0;
				TARGETED_DEVICE_FAMILY = "1,2";
				TEST_TARGET_NAME = "I AM RICH";
			};
			name = Release;
		};
/* End XCBuildConfiguration section */

/* Begin XCConfigurationList section */
		90E92F6B2980314200EF2335 /* Build configuration list for PBXProject "I AM RICH" */ = {
			isa = XCConfigurationList;
			buildConfigurations = (
				90E92F982980314300EF2335 /* Debug */,
				90E92F992980314300EF2335 /* Release */,
			);
			defaultConfigurationIsVisible = 0;
			defaultConfigurationName = Release;
		};
		90E92F9A2980314300EF2335 /* Build configuration list for PBXNativeTarget "I AM RICH" */ = {
			isa = XCConfigurationList;
			buildConfigurations = (
				90E92F9B2980314300EF2335 /* Debug */,
				90E92F9C2980314300EF2335 /* Release */,
			);
			defaultConfigurationIsVisible = 0;
			defaultConfigurationName = Release;
		};
		90E92F9D2980314300EF2335 /* Build configuration list for PBXNativeTarget "I AM RICHTests" */ = {
			isa = XCConfigurationList;
			buildConfigurations = (
				90E92F9E2980314300EF2335 /* Debug */,
				90E92F9F2980314300EF2335 /* Release */,
			);
			defaultConfigurationIsVisible = 0;
			defaultConfigurationName = Release;
		};
		90E92FA02980314300EF2335 /* Build configuration list for PBXNativeTarget "I AM RICHUITests" */ = {
			isa = XCConfigurationList;
			buildConfigurations = (
				90E92FA12980314300EF2335 /* Debug */,
				90E92FA22980314300EF2335 /* Release */,
			);
			defaultConfigurationIsVisible = 0;
			defaultConfigurationName = Release;
		};
/* End XCConfigurationList section */
	};
	rootObject = 90E92F682980314200EF2335 /* Project object */;
}
